Microsoft Visual Studio Solution File, Format Version 12.00
# Visual Studio 16
Project("{F184B08F-C81C-45F6-A57F-5ABD9991F28F}") = "CustomDateEditTest", "CustomDateEditTest\CustomDateEditTest.Net5.vbproj", "{9F713780-B1DE-4558-8387-FBCB8F198BF3}"
EndProject
Global
	GlobalSection(SolutionConfigurationPlatforms) = preSolution
		Debug|Any CPU = Debug|Any CPU
		Debug|Mixed Platforms = Debug|Mixed Platforms
		Debug|x86 = Debug|x86
		Release|Any CPU = Release|Any CPU
		Release|Mixed Platforms = Release|Mixed Platforms
		Release|x86 = Release|x86
	EndGlobalSection
	GlobalSection(ProjectConfigurationPlatforms) = postSolution
		{9F713780-B1DE-4558-8387-FBCB8F198BF3}.Debug|Any CPU.ActiveCfg = Debug|x86
		{9F713780-B1DE-4558-8387-FBCB8F198BF3}.Debug|Mixed Platforms.ActiveCfg = Debug|x86
		{9F713780-B1DE-4558-8387-FBCB8F198BF3}.Debug|Mixed Platforms.Build.0 = Debug|x86
		{9F713780-B1DE-4558-8387-FBCB8F198BF3}.Debug|x86.ActiveCfg = Debug|x86
		{9F713780-B1DE-4558-8387-FBCB8F198BF3}.Debug|x86.Build.0 = Debug|x86
		{9F713780-B1DE-4558-8387-FBCB8F198BF3}.Release|Any CPU.ActiveCfg = Release|x86
		{9F713780-B1DE-4558-8387-FBCB8F198BF3}.Release|Mixed Platforms.ActiveCfg = Release|x86
		{9F713780-B1DE-4558-8387-FBCB8F198BF3}.Release|Mixed Platforms.Build.0 = Release|x86
		{9F713780-B1DE-4558-8387-FBCB8F198BF3}.Release|x86.ActiveCfg = Release|x86
		{9F713780-B1DE-4558-8387-FBCB8F198BF3}.Release|x86.Build.0 = Release|x86
	EndGlobalSection
	GlobalSection(SolutionProperties) = preSolution
		HideSolutionNode = FALSE
	EndGlobalSection
EndGlobal
